
Microsoft Visual Studio Solution File, Format Version 12.00
# Visual Studio Version 16
VisualStudioVersion = 16.0.30128.74
MinimumVisualStudioVersion = 10.0.40219.1
Project("{9A19103F-16F7-4668-BE54-9A1E7A4F7556}") = "Crawler.Provider.ZVG", "Crawler.ZVG\Crawler.Provider.ZVG.csproj", "{87A9A6B1-1E0B-4AF6-AF53-9966F5D342C5}"
EndProject
Project("{FAE04EC0-301F-11D3-BF4B-00C04F79EFBC}") = "Crawler.Service", "Crawler.Service\Crawler.Service.csproj", "{B4D57E8D-B7D9-4BF4-9222-BBB0F97740CB}"
EndProject
Project("{FAE04EC0-301F-11D3-BF4B-00C04F79EFBC}") = "Crawler.Interface", "Crawler.Provider.Interface\Crawler.Interface.csproj", "{B0D7A2FB-A542-405A-8839-73A4D7F4B4A6}"
EndProject
Project("{FAE04EC0-301F-11D3-BF4B-00C04F79EFBC}") = "Crawler.Sender.Telegram", "Crawler.Sender.Telegram\Crawler.Sender.Telegram.csproj", "{8DB4BD72-01FE-415A-AF8E-F85419DE40EF}"
EndProject
Global
	GlobalSection(SolutionConfigurationPlatforms) = preSolution
		Debug|Any CPU = Debug|Any CPU
		Release|Any CPU = Release|Any CPU
	EndGlobalSection
	GlobalSection(ProjectConfigurationPlatforms) = postSolution
		{87A9A6B1-1E0B-4AF6-AF53-9966F5D342C5}.Debug|Any CPU.ActiveCfg = Debug|Any CPU
		{87A9A6B1-1E0B-4AF6-AF53-9966F5D342C5}.Debug|Any CPU.Build.0 = Debug|Any CPU
		{87A9A6B1-1E0B-4AF6-AF53-9966F5D342C5}.Release|Any CPU.ActiveCfg = Release|Any CPU
		{87A9A6B1-1E0B-4AF6-AF53-9966F5D342C5}.Release|Any CPU.Build.0 = Release|Any CPU
		{B4D57E8D-B7D9-4BF4-9222-BBB0F97740CB}.Debug|Any CPU.ActiveCfg = Debug|Any CPU
		{B4D57E8D-B7D9-4BF4-9222-BBB0F97740CB}.Debug|Any CPU.Build.0 = Debug|Any CPU
		{B4D57E8D-B7D9-4BF4-9222-BBB0F97740CB}.Release|Any CPU.ActiveCfg = Release|Any CPU
		{B4D57E8D-B7D9-4BF4-9222-BBB0F97740CB}.Release|Any CPU.Build.0 = Release|Any CPU
		{B0D7A2FB-A542-405A-8839-73A4D7F4B4A6}.Debug|Any CPU.ActiveCfg = Debug|Any CPU
		{B0D7A2FB-A542-405A-8839-73A4D7F4B4A6}.Debug|Any CPU.Build.0 = Debug|Any CPU
		{B0D7A2FB-A542-405A-8839-73A4D7F4B4A6}.Release|Any CPU.ActiveCfg = Release|Any CPU
		{B0D7A2FB-A542-405A-8839-73A4D7F4B4A6}.Release|Any CPU.Build.0 = Release|Any CPU
		{8DB4BD72-01FE-415A-AF8E-F85419DE40EF}.Debug|Any CPU.ActiveCfg = Debug|Any CPU
		{8DB4BD72-01FE-415A-AF8E-F85419DE40EF}.Debug|Any CPU.Build.0 = Debug|Any CPU
		{8DB4BD72-01FE-415A-AF8E-F85419DE40EF}.Release|Any CPU.ActiveCfg = Release|Any CPU
		{8DB4BD72-01FE-415A-AF8E-F85419DE40EF}.Release|Any CPU.Build.0 = Release|Any CPU
	EndGlobalSection
	GlobalSection(SolutionProperties) = preSolution
		HideSolutionNode = FALSE
	EndGlobalSection
	GlobalSection(ExtensibilityGlobals) = postSolution
		SolutionGuid = {5E3167F3-5ED5-4D17-A533-D8285E8074BE}
	EndGlobalSection
EndGlobal
